// !$*UTF8*$!
{
	archiveVersion = 1;
	classes = {
	};
	objectVersion = 56;
	objects = {

/* Begin PBXBuildFile section */
		6E3E23FB2A5BE75200AC6F9C /* pet_balls Watch App.app in Embed Watch Content */ = {isa = PBXBuildFile; fileRef = 6E3E23FA2A5BE75200AC6F9C /* pet_balls Watch App.app */; settings = {ATTRIBUTES = (RemoveHeadersOnCopy, ); }; };
		6E3E24002A5BE75200AC6F9C /* pet_ballsApp.swift in Sources */ = {isa = PBXBuildFile; fileRef = 6E3E23FF2A5BE75200AC6F9C /* pet_ballsApp.swift */; };
		6E3E24022A5BE75200AC6F9C /* ContentView.swift in Sources */ = {isa = PBXBuildFile; fileRef = 6E3E24012A5BE75200AC6F9C /* ContentView.swift */; };
		6E3E24042A5BE75300AC6F9C /* Assets.xcassets in Resources */ = {isa = PBXBuildFile; fileRef = 6E3E24032A5BE75300AC6F9C /* Assets.xcassets */; };
		6E3E24072A5BE75300AC6F9C /* Preview Assets.xcassets in Resources */ = {isa = PBXBuildFile; fileRef = 6E3E24062A5BE75300AC6F9C /* Preview Assets.xcassets */; };
		6E3E24112A5BE75300AC6F9C /* pet_balls_Watch_AppTests.swift in Sources */ = {isa = PBXBuildFile; fileRef = 6E3E24102A5BE75300AC6F9C /* pet_balls_Watch_AppTests.swift */; };
		6E3E241B2A5BE75300AC6F9C /* pet_balls_Watch_AppUITests.swift in Sources */ = {isa = PBXBuildFile; fileRef = 6E3E241A2A5BE75300AC6F9C /* pet_balls_Watch_AppUITests.swift */; };
		6E3E241D2A5BE75300AC6F9C /* pet_balls_Watch_AppUITestsLaunchTests.swift in Sources */ = {isa = PBXBuildFile; fileRef = 6E3E241C2A5BE75300AC6F9C /* pet_balls_Watch_AppUITestsLaunchTests.swift */; };
/* End PBXBuildFile section */

/* Begin PBXContainerItemProxy section */
		6E3E23FC2A5BE75200AC6F9C /* PBXContainerItemProxy */ = {
			isa = PBXContainerItemProxy;
			containerPortal = 6E3E23EE2A5BE75200AC6F9C /* Project object */;
			proxyType = 1;
			remoteGlobalIDString = 6E3E23F92A5BE75200AC6F9C;
			remoteInfo = "pet_balls Watch App";
		};
		6E3E240D2A5BE75300AC6F9C /* PBXContainerItemProxy */ = {
			isa = PBXContainerItemProxy;
			containerPortal = 6E3E23EE2A5BE75200AC6F9C /* Project object */;
			proxyType = 1;
			remoteGlobalIDString = 6E3E23F92A5BE75200AC6F9C;
			remoteInfo = "pet_balls Watch App";
		};
		6E3E24172A5BE75300AC6F9C /* PBXContainerItemProxy */ = {
			isa = PBXContainerItemProxy;
			containerPortal = 6E3E23EE2A5BE75200AC6F9C /* Project object */;
			proxyType = 1;
			remoteGlobalIDString = 6E3E23F92A5BE75200AC6F9C;
			remoteInfo = "pet_balls Watch App";
		};
/* End PBXContainerItemProxy section */

/* Begin PBXCopyFilesBuildPhase section */
		6E3E24232A5BE75300AC6F9C /* Embed Watch Content */ = {
			isa = PBXCopyFilesBuildPhase;
			buildActionMask = 2147483647;
			dstPath = "$(CONTENTS_FOLDER_PATH)/Watch";
			dstSubfolderSpec = 16;
			files = (
				6E3E23FB2A5BE75200AC6F9C /* pet_balls Watch App.app in Embed Watch Content */,
			);
			name = "Embed Watch Content";
			runOnlyForDeploymentPostprocessing = 0;
		};
/* End PBXCopyFilesBuildPhase section */

/* Begin PBXFileReference section */
		6E3E23F42A5BE75200AC6F9C /* pet_balls.app */ = {isa = PBXFileReference; explicitFileType = wrapper.application; includeInIndex = 0; path = pet_balls.app; sourceTree = BUILT_PRODUCTS_DIR; };
		6E3E23FA2A5BE75200AC6F9C /* pet_balls Watch App.app */ = {isa = PBXFileReference; explicitFileType = wrapper.application; includeInIndex = 0; path = "pet_balls Watch App.app"; sourceTree = BUILT_PRODUCTS_DIR; };
		6E3E23FF2A5BE75200AC6F9C /* pet_ballsApp.swift */ = {isa = PBXFileReference; lastKnownFileType = sourcecode.swift; path = pet_ballsApp.swift; sourceTree = "<group>"; };
		6E3E24012A5BE75200AC6F9C /* ContentView.swift */ = {isa = PBXFileReference; lastKnownFileType = sourcecode.swift; path = ContentView.swift; sourceTree = "<group>"; };
		6E3E24032A5BE75300AC6F9C /* Assets.xcassets */ = {isa = PBXFileReference; lastKnownFileType = folder.assetcatalog; path = Assets.xcassets; sourceTree = "<group>"; };
		6E3E24062A5BE75300AC6F9C /* Preview Assets.xcassets */ = {isa = PBXFileReference; lastKnownFileType = folder.assetcatalog; path = "Preview Assets.xcassets"; sourceTree = "<group>"; };
		6E3E240C2A5BE75300AC6F9C /* pet_balls Watch AppTests.xctest */ = {isa = PBXFileReference; explicitFileType = wrapper.cfbundle; includeInIndex = 0; path = "pet_balls Watch AppTests.xctest"; sourceTree = BUILT_PRODUCTS_DIR; };
		6E3E24102A5BE75300AC6F9C /* pet_balls_Watch_AppTests.swift */ = {isa = PBXFileReference; lastKnownFileType = sourcecode.swift; path = pet_balls_Watch_AppTests.swift; sourceTree = "<group>"; };
		6E3E24162A5BE75300AC6F9C /* pet_balls Watch AppUITests.xctest */ = {isa = PBXFileReference; explicitFileType = wrapper.cfbundle; includeInIndex = 0; path = "pet_balls Watch AppUITests.xctest"; sourceTree = BUILT_PRODUCTS_DIR; };
		6E3E241A2A5BE75300AC6F9C /* pet_balls_Watch_AppUITests.swift */ = {isa = PBXFileReference; lastKnownFileType = sourcecode.swift; path = pet_balls_Watch_AppUITests.swift; sourceTree = "<group>"; };
		6E3E241C2A5BE75300AC6F9C /* pet_balls_Watch_AppUITestsLaunchTests.swift */ = {isa = PBXFileReference; lastKnownFileType = sourcecode.swift; path = pet_balls_Watch_AppUITestsLaunchTests.swift; sourceTree = "<group>"; };
/* End PBXFileReference section */

/* Begin PBXFrameworksBuildPhase section */
		6E3E23F72A5BE75200AC6F9C /* Frameworks */ = {
			isa = PBXFrameworksBuildPhase;
			buildActionMask = 2147483647;
			files = (
			);
			runOnlyForDeploymentPostprocessing = 0;
		};
		6E3E24092A5BE75300AC6F9C /* Frameworks */ = {
			isa = PBXFrameworksBuildPhase;
			buildActionMask = 2147483647;
			files = (
			);
			runOnlyForDeploymentPostprocessing = 0;
		};
		6E3E24132A5BE75300AC6F9C /* Frameworks */ = {
			isa = PBXFrameworksBuildPhase;
			buildActionMask = 2147483647;
			files = (
			);
			runOnlyForDeploymentPostprocessing = 0;
		};
/* End PBXFrameworksBuildPhase section */

/* Begin PBXGroup section */
		6E3E23ED2A5BE75200AC6F9C = {
			isa = PBXGroup;
			children = (
				6E3E23FE2A5BE75200AC6F9C /* pet_balls Watch App */,
				6E3E240F2A5BE75300AC6F9C /* pet_balls Watch AppTests */,
				6E3E24192A5BE75300AC6F9C /* pet_balls Watch AppUITests */,
				6E3E23F52A5BE75200AC6F9C /* Products */,
			);
			sourceTree = "<group>";
		};
		6E3E23F52A5BE75200AC6F9C /* Products */ = {
			isa = PBXGroup;
			children = (
				6E3E23F42A5BE75200AC6F9C /* pet_balls.app */,
				6E3E23FA2A5BE75200AC6F9C /* pet_balls Watch App.app */,
				6E3E240C2A5BE75300AC6F9C /* pet_balls Watch AppTests.xctest */,
				6E3E24162A5BE75300AC6F9C /* pet_balls Watch AppUITests.xctest */,
			);
			name = Products;
			sourceTree = "<group>";
		};
		6E3E23FE2A5BE75200AC6F9C /* pet_balls Watch App */ = {
			isa = PBXGroup;
			children = (
				6E3E23FF2A5BE75200AC6F9C /* pet_ballsApp.swift */,
				6E3E24012A5BE75200AC6F9C /* ContentView.swift */,
				6E3E24032A5BE75300AC6F9C /* Assets.xcassets */,
				6E3E24052A5BE75300AC6F9C /* Preview Content */,
			);
			path = "pet_balls Watch App";
			sourceTree = "<group>";
		};
		6E3E24052A5BE75300AC6F9C /* Preview Content */ = {
			isa = PBXGroup;
			children = (
				6E3E24062A5BE75300AC6F9C /* Preview Assets.xcassets */,
			);
			path = "Preview Content";
			sourceTree = "<group>";
		};
		6E3E240F2A5BE75300AC6F9C /* pet_balls Watch AppTests */ = {
			isa = PBXGroup;
			children = (
				6E3E24102A5BE75300AC6F9C /* pet_balls_Watch_AppTests.swift */,
			);
			path = "pet_balls Watch AppTests";
			sourceTree = "<group>";
		};
		6E3E24192A5BE75300AC6F9C /* pet_balls Watch AppUITests */ = {
			isa = PBXGroup;
			children = (
				6E3E241A2A5BE75300AC6F9C /* pet_balls_Watch_AppUITests.swift */,
				6E3E241C2A5BE75300AC6F9C /* pet_balls_Watch_AppUITestsLaunchTests.swift */,
			);
			path = "pet_balls Watch AppUITests";
			sourceTree = "<group>";
		};
/* End PBXGroup section */

/* Begin PBXNativeTarget section */
		6E3E23F32A5BE75200AC6F9C /* pet_balls */ = {
			isa = PBXNativeTarget;
			buildConfigurationList = 6E3E24242A5BE75300AC6F9C /* Build configuration list for PBXNativeTarget "pet_balls" */;
			buildPhases = (
				6E3E23F22A5BE75200AC6F9C /* Resources */,
				6E3E24232A5BE75300AC6F9C /* Embed Watch Content */,
			);
			buildRules = (
			);
			dependencies = (
				6E3E23FD2A5BE75200AC6F9C /* PBXTargetDependency */,
			);
			name = pet_balls;
			productName = pet_balls;
			productReference = 6E3E23F42A5BE75200AC6F9C /* pet_balls.app */;
			productType = "com.apple.product-type.application.watchapp2-container";
		};
		6E3E23F92A5BE75200AC6F9C /* pet_balls Watch App */ = {
			isa = PBXNativeTarget;
			buildConfigurationList = 6E3E24202A5BE75300AC6F9C /* Build configuration list for PBXNativeTarget "pet_balls Watch App" */;
			buildPhases = (
				6E3E23F62A5BE75200AC6F9C /* Sources */,
				6E3E23F72A5BE75200AC6F9C /* Frameworks */,
				6E3E23F82A5BE75200AC6F9C /* Resources */,
			);
			buildRules = (
			);
			dependencies = (
			);
			name = "pet_balls Watch App";
			productName = "pet_balls Watch App";
			productReference = 6E3E23FA2A5BE75200AC6F9C /* pet_balls Watch App.app */;
			productType = "com.apple.product-type.application";
		};
		6E3E240B2A5BE75300AC6F9C /* pet_balls Watch AppTests */ = {
			isa = PBXNativeTarget;
			buildConfigurationList = 6E3E24272A5BE75300AC6F9C /* Build configuration list for PBXNativeTarget "pet_balls Watch AppTests" */;
			buildPhases = (
				6E3E24082A5BE75300AC6F9C /* Sources */,
				6E3E24092A5BE75300AC6F9C /* Frameworks */,
				6E3E240A2A5BE75300AC6F9C /* Resources */,
			);
			buildRules = (
			);
			dependencies = (
				6E3E240E2A5BE75300AC6F9C /* PBXTargetDependency */,
			);
			name = "pet_balls Watch AppTests";
			productName = "pet_balls Watch AppTests";
			productReference = 6E3E240C2A5BE75300AC6F9C /* pet_balls Watch AppTests.xctest */;
			productType = "com.apple.product-type.bundle.unit-test";
		};
		6E3E24152A5BE75300AC6F9C /* pet_balls Watch AppUITests */ = {
			isa = PBXNativeTarget;
			buildConfigurationList = 6E3E242A2A5BE75300AC6F9C /* Build configuration list for PBXNativeTarget "pet_balls Watch AppUITests" */;
			buildPhases = (
				6E3E24122A5BE75300AC6F9C /* Sources */,
				6E3E24132A5BE75300AC6F9C /* Frameworks */,
				6E3E24142A5BE75300AC6F9C /* Resources */,
			);
			buildRules = (
			);
			dependencies = (
				6E3E24182A5BE75300AC6F9C /* PBXTargetDependency */,
			);
			name = "pet_balls Watch AppUITests";
			productName = "pet_balls Watch AppUITests";
			productReference = 6E3E24162A5BE75300AC6F9C /* pet_balls Watch AppUITests.xctest */;
			productType = "com.apple.product-type.bundle.ui-testing";
		};
/* End PBXNativeTarget section */

/* Begin PBXProject section */
		6E3E23EE2A5BE75200AC6F9C /* Project object */ = {
			isa = PBXProject;
			attributes = {
				BuildIndependentTargetsInParallel = 1;
				LastSwiftUpdateCheck = 1430;
				LastUpgradeCheck = 1430;
				TargetAttributes = {
					6E3E23F32A5BE75200AC6F9C = {
						CreatedOnToolsVersion = 14.3.1;
					};
					6E3E23F92A5BE75200AC6F9C = {
						CreatedOnToolsVersion = 14.3.1;
					};
					6E3E240B2A5BE75300AC6F9C = {
						CreatedOnToolsVersion = 14.3.1;
						TestTargetID = 6E3E23F92A5BE75200AC6F9C;
					};
					6E3E24152A5BE75300AC6F9C = {
						CreatedOnToolsVersion = 14.3.1;
						TestTargetID = 6E3E23F92A5BE75200AC6F9C;
					};
				};
			};
			buildConfigurationList = 6E3E23F12A5BE75200AC6F9C /* Build configuration list for PBXProject "pet_balls" */;
			compatibilityVersion = "Xcode 14.0";
			developmentRegion = en;
			hasScannedForEncodings = 0;
			knownRegions = (
				en,
				Base,
			);
			mainGroup = 6E3E23ED2A5BE75200AC6F9C;
			productRefGroup = 6E3E23F52A5BE75200AC6F9C /* Products */;
			projectDirPath = "";
			projectRoot = "";
			targets = (
				6E3E23F32A5BE75200AC6F9C /* pet_balls */,
				6E3E23F92A5BE75200AC6F9C /* pet_balls Watch App */,
				6E3E240B2A5BE75300AC6F9C /* pet_balls Watch AppTests */,
				6E3E24152A5BE75300AC6F9C /* pet_balls Watch AppUITests */,
			);
		};
/* End PBXProject section */

/* Begin PBXResourcesBuildPhase section */
		6E3E23F22A5BE75200AC6F9C /* Resources */ = {
			isa = PBXResourcesBuildPhase;
			buildActionMask = 2147483647;
			files = (
			);
			runOnlyForDeploymentPostprocessing = 0;
		};
		6E3E23F82A5BE75200AC6F9C /* Resources */ = {
			isa = PBXResourcesBuildPhase;
			buildActionMask = 2147483647;
			files = (
				6E3E24072A5BE75300AC6F9C /* Preview Assets.xcassets in Resources */,
				6E3E24042A5BE75300AC6F9C /* Assets.xcassets in Resources */,
			);
			runOnlyForDeploymentPostprocessing = 0;
		};
		6E3E240A2A5BE75300AC6F9C /* Resources */ = {
			isa = PBXResourcesBuildPhase;
			buildActionMask = 2147483647;
			files = (
			);
			runOnlyForDeploymentPostprocessing = 0;
		};
		6E3E24142A5BE75300AC6F9C /* Resources */ = {
			isa = PBXResourcesBuildPhase;
			buildActionMask = 2147483647;
			files = (
			);
			runOnlyForDeploymentPostprocessing = 0;
		};
/* End PBXResourcesBuildPhase section */

/* Begin PBXSourcesBuildPhase section */
		6E3E23F62A5BE75200AC6F9C /* Sources */ = {
			isa = PBXSourcesBuildPhase;
			buildActionMask = 2147483647;
			files = (
				6E3E24022A5BE75200AC6F9C /* ContentView.swift in Sources */,
				6E3E24002A5BE75200AC6F9C /* pet_ballsApp.swift in Sources */,
			);
			runOnlyForDeploymentPostprocessing = 0;
		};
		6E3E24082A5BE75300AC6F9C /* Sources */ = {
			isa = PBXSourcesBuildPhase;
			buildActionMask = 2147483647;
			files = (
				6E3E24112A5BE75300AC6F9C /* pet_balls_Watch_AppTests.swift in Sources */,
			);
			runOnlyForDeploymentPostprocessing = 0;
		};
		6E3E24122A5BE75300AC6F9C /* Sources */ = {
			isa = PBXSourcesBuildPhase;
			buildActionMask = 2147483647;
			files = (
				6E3E241B2A5BE75300AC6F9C /* pet_balls_Watch_AppUITests.swift in Sources */,
				6E3E241D2A5BE75300AC6F9C /* pet_balls_Watch_AppUITestsLaunchTests.swift in Sources */,
			);
			runOnlyForDeploymentPostprocessing = 0;
		};
/* End PBXSourcesBuildPhase section */

/* Begin PBXTargetDependency section */
		6E3E23FD2A5BE75200AC6F9C /* PBXTargetDependency */ = {
			isa = PBXTargetDependency;
			target = 6E3E23F92A5BE75200AC6F9C /* pet_balls Watch App */;
			targetProxy = 6E3E23FC2A5BE75200AC6F9C /* PBXContainerItemProxy */;
		};
		6E3E240E2A5BE75300AC6F9C /* PBXTargetDependency */ = {
			isa = PBXTargetDependency;
			target = 6E3E23F92A5BE75200AC6F9C /* pet_balls Watch App */;
			targetProxy = 6E3E240D2A5BE75300AC6F9C /* PBXContainerItemProxy */;
		};
		6E3E24182A5BE75300AC6F9C /* PBXTargetDependency */ = {
			isa = PBXTargetDependency;
			target = 6E3E23F92A5BE75200AC6F9C /* pet_balls Watch App */;
			targetProxy = 6E3E24172A5BE75300AC6F9C /* PBXContainerItemProxy */;
		};
/* End PBXTargetDependency section */

/* Begin XCBuildConfiguration section */
		6E3E241E2A5BE75300AC6F9C /* Debug */ = {
			isa = XCBuildConfiguration;
			buildSettings = {
				ALWAYS_SEARCH_USER_PATHS = NO;
				CLANG_ANALYZER_NONNULL = YES;
				CLANG_ANALYZER_NUMBER_OBJECT_CONVERSION = YES_AGGRESSIVE;
				CLANG_CXX_LANGUAGE_STANDARD = "gnu++20";
				CLANG_ENABLE_MODULES = YES;
				CLANG_ENABLE_OBJC_ARC = YES;
				CLANG_ENABLE_OBJC_WEAK = YES;
				CLANG_WARN_BLOCK_CAPTURE_AUTORELEASING = YES;
				CLANG_WARN_BOOL_CONVERSION = YES;
				CLANG_WARN_COMMA = YES;
				CLANG_WARN_CONSTANT_CONVERSION = YES;
				CLANG_WARN_DEPRECATED_OBJC_IMPLEMENTATIONS = YES;
				CLANG_WARN_DIRECT_OBJC_ISA_USAGE = YES_ERROR;
				CLANG_WARN_DOCUMENTATION_COMMENTS = YES;
				CLANG_WARN_EMPTY_BODY = YES;
				CLANG_WARN_ENUM_CONVERSION = YES;
				CLANG_WARN_INFINITE_RECURSION = YES;
				CLANG_WARN_INT_CONVERSION = YES;
				CLANG_WARN_NON_LITERAL_NULL_CONVERSION = YES;
				CLANG_WARN_OBJC_IMPLICIT_RETAIN_SELF = YES;
				CLANG_WARN_OBJC_LITERAL_CONVERSION = YES;
				CLANG_WARN_OBJC_ROOT_CLASS = YES_ERROR;
				CLANG_WARN_QUOTED_INCLUDE_IN_FRAMEWORK_HEADER = YES;
				CLANG_WARN_RANGE_LOOP_ANALYSIS = YES;
				CLANG_WARN_STRICT_PROTOTYPES = YES;
				CLANG_WARN_SUSPICIOUS_MOVE = YES;
				CLANG_WARN_UNGUARDED_AVAILABILITY = YES_AGGRESSIVE;
				CLANG_WARN_UNREACHABLE_CODE = YES;
				CLANG_WARN__DUPLICATE_METHOD_MATCH = YES;
				COPY_PHASE_STRIP = NO;
				DEBUG_INFORMATION_FORMAT = dwarf;
				ENABLE_STRICT_OBJC_MSGSEND = YES;
				ENABLE_TESTABILITY = YES;
				GCC_C_LANGUAGE_STANDARD = gnu11;
				GCC_DYNAMIC_NO_PIC = NO;
				GCC_NO_COMMON_BLOCKS = YES;
				GCC_OPTIMIZATION_LEVEL = 0;
				GCC_PREPROCESSOR_DEFINITIONS = (
					"DEBUG=1",
					"$(inherited)",
				);
				GCC_WARN_64_TO_32_BIT_CONVERSION = YES;
				GCC_WARN_ABOUT_RETURN_TYPE = YES_ERROR;
				GCC_WARN_UNDECLARED_SELECTOR = YES;
				GCC_WARN_UNINITIALIZED_AUTOS = YES_AGGRESSIVE;
				GCC_WARN_UNUSED_FUNCTION = YES;
				GCC_WARN_UNUSED_VARIABLE = YES;
				MTL_ENABLE_DEBUG_INFO = INCLUDE_SOURCE;
				MTL_FAST_MATH = YES;
				ONLY_ACTIVE_ARCH = YES;
				SWIFT_ACTIVE_COMPILATION_CONDITIONS = DEBUG;
				SWIFT_OPTIMIZATION_LEVEL = "-Onone";
			};
			name = Debug;
		};
		6E3E241F2A5BE75300AC6F9C /* Release */ = {
			isa = XCBuildConfiguration;
			buildSettings = {
				ALWAYS_SEARCH_USER_PATHS = NO;
				CLANG_ANALYZER_NONNULL = YES;
				CLANG_ANALYZER_NUMBER_OBJECT_CONVERSION = YES_AGGRESSIVE;
				CLANG_CXX_LANGUAGE_STANDARD = "gnu++20";
				CLANG_ENABLE_MODULES = YES;
				CLANG_ENABLE_OBJC_ARC = YES;
				CLANG_ENABLE_OBJC_WEAK = YES;
				CLANG_WARN_BLOCK_CAPTURE_AUTORELEASING = YES;
				CLANG_WARN_BOOL_CONVERSION = YES;
				CLANG_WARN_COMMA = YES;
				CLANG_WARN_CONSTANT_CONVERSION = YES;
				CLANG_WARN_DEPRECATED_OBJC_IMPLEMENTATIONS = YES;
				CLANG_WARN_DIRECT_OBJC_ISA_USAGE = YES_ERROR;
				CLANG_WARN_DOCUMENTATION_COMMENTS = YES;
				CLANG_WARN_EMPTY_BODY = YES;
				CLANG_WARN_ENUM_CONVERSION = YES;
				CLANG_WARN_INFINITE_RECURSION = YES;
				CLANG_WARN_INT_CONVERSION = YES;
				CLANG_WARN_NON_LITERAL_NULL_CONVERSION = YES;
				CLANG_WARN_OBJC_IMPLICIT_RETAIN_SELF = YES;
				CLANG_WARN_OBJC_LITERAL_CONVERSION = YES;
				CLANG_WARN_OBJC_ROOT_CLASS = YES_ERROR;
				CLANG_WARN_QUOTED_INCLUDE_IN_FRAMEWORK_HEADER = YES;
				CLANG_WARN_RANGE_LOOP_ANALYSIS = YES;
				CLANG_WARN_STRICT_PROTOTYPES = YES;
				CLANG_WARN_SUSPICIOUS_MOVE = YES;
				CLANG_WARN_UNGUARDED_AVAILABILITY = YES_AGGRESSIVE;
				CLANG_WARN_UNREACHABLE_CODE = YES;
				CLANG_WARN__DUPLICATE_METHOD_MATCH = YES;
				COPY_PHASE_STRIP = NO;
				DEBUG_INFORMATION_FORMAT = "dwarf-with-dsym";
				ENABLE_NS_ASSERTIONS = NO;
				ENABLE_STRICT_OBJC_MSGSEND = YES;
				GCC_C_LANGUAGE_STANDARD = gnu11;
				GCC_NO_COMMON_BLOCKS = YES;
				GCC_WARN_64_TO_32_BIT_CONVERSION = YES;
				GCC_WARN_ABOUT_RETURN_TYPE = YES_ERROR;
				GCC_WARN_UNDECLARED_SELECTOR = YES;
				GCC_WARN_UNINITIALIZED_AUTOS = YES_AGGRESSIVE;
				GCC_WARN_UNUSED_FUNCTION = YES;
				GCC_WARN_UNUSED_VARIABLE = YES;
				MTL_ENABLE_DEBUG_INFO = NO;
				MTL_FAST_MATH = YES;
				SWIFT_COMPILATION_MODE = wholemodule;
				SWIFT_OPTIMIZATION_LEVEL = "-O";
			};
			name = Release;
		};
		6E3E24212A5BE75300AC6F9C /* Debug */ = {
			isa = XCBuildConfiguration;
			buildSettings = {
				ASSETCATALOG_COMPILER_APPICON_NAME = AppIcon;
				ASSETCATALOG_COMPILER_GLOBAL_ACCENT_COLOR_NAME = AccentColor;
				CODE_SIGN_STYLE = Automatic;
				CURRENT_PROJECT_VERSION = 1;
				DEVELOPMENT_ASSET_PATHS = "\"pet_balls Watch App/Preview Content\"";
				ENABLE_PREVIEWS = YES;
				GENERATE_INFOPLIST_FILE = YES;
				INFOPLIST_KEY_CFBundleDisplayName = pet_balls;
				INFOPLIST_KEY_UISupportedInterfaceOrientations = "UIInterfaceOrientationPortrait UIInterfaceOrientationPortraitUpsideDown";
				INFOPLIST_KEY_WKWatchOnly = YES;
				LD_RUNPATH_SEARCH_PATHS = (
					"$(inherited)",
					"@executable_path/Frameworks",
				);
				MARKETING_VERSION = 1.0;
				PRODUCT_BUNDLE_IDENTIFIER = "Nathuz.pet-balls.watchkitapp";
				PRODUCT_NAME = "$(TARGET_NAME)";
				SDKROOT = watchos;
				SKIP_INSTALL = YES;
				SWIFT_EMIT_LOC_STRINGS = YES;
				SWIFT_VERSION = 5.0;
				TARGETED_DEVICE_FAMILY = 4;
				WATCHOS_DEPLOYMENT_TARGET = 9.4;
			};
			name = Debug;
		};
		6E3E24222A5BE75300AC6F9C /* Release */ = {
			isa = XCBuildConfiguration;
			buildSettings = {
				ASSETCATALOG_COMPILER_APPICON_NAME = AppIcon;
				ASSETCATALOG_COMPILER_GLOBAL_ACCENT_COLOR_NAME = AccentColor;
				CODE_SIGN_STYLE = Automatic;
				CURRENT_PROJECT_VERSION = 1;
				DEVELOPMENT_ASSET_PATHS = "\"pet_balls Watch App/Preview Content\"";
				ENABLE_PREVIEWS = YES;
				GENERATE_INFOPLIST_FILE = YES;
				INFOPLIST_KEY_CFBundleDisplayName = pet_balls;
				INFOPLIST_KEY_UISupportedInterfaceOrientations = "UIInterfaceOrientationPortrait UIInterfaceOrientationPortraitUpsideDown";
				INFOPLIST_KEY_WKWatchOnly = YES;
				LD_RUNPATH_SEARCH_PATHS = (
					"$(inherited)",
					"@executable_path/Frameworks",
				);
				MARKETING_VERSION = 1.0;
				PRODUCT_BUNDLE_IDENTIFIER = "Nathuz.pet-balls.watchkitapp";
				PRODUCT_NAME = "$(TARGET_NAME)";
				SDKROOT = watchos;
				SKIP_INSTALL = YES;
				SWIFT_EMIT_LOC_STRINGS = YES;
				SWIFT_VERSION = 5.0;
				TARGETED_DEVICE_FAMILY = 4;
				VALIDATE_PRODUCT = YES;
				WATCHOS_DEPLOYMENT_TARGET = 9.4;
			};
			name = Release;
		};
		6E3E24252A5BE75300AC6F9C /* Debug */ = {
			isa = XCBuildConfiguration;
			buildSettings = {
				ALWAYS_EMBED_SWIFT_STANDARD_LIBRARIES = YES;
				CODE_SIGN_STYLE = Automatic;
				CURRENT_PROJECT_VERSION = 1;
				INFOPLIST_KEY_CFBundleDisplayName = pet_balls;
				MARKETING_VERSION = 1.0;
				PRODUCT_BUNDLE_IDENTIFIER = "Nathuz.pet-balls";
				PRODUCT_NAME = "$(TARGET_NAME)";
				SDKROOT = iphoneos;
				SWIFT_VERSION = 5.0;
			};
			name = Debug;
		};
		6E3E24262A5BE75300AC6F9C /* Release */ = {
			isa = XCBuildConfiguration;
			buildSettings = {
				ALWAYS_EMBED_SWIFT_STANDARD_LIBRARIES = YES;
				CODE_SIGN_STYLE = Automatic;
				CURRENT_PROJECT_VERSION = 1;
				INFOPLIST_KEY_CFBundleDisplayName = pet_balls;
				MARKETING_VERSION = 1.0;
				PRODUCT_BUNDLE_IDENTIFIER = "Nathuz.pet-balls";
				PRODUCT_NAME = "$(TARGET_NAME)";
				SDKROOT = iphoneos;
				SWIFT_VERSION = 5.0;
				VALIDATE_PRODUCT = YES;
			};
			name = Release;
		};
		6E3E24282A5BE75300AC6F9C /* Debug */ = {
			isa = XCBuildConfiguration;
			buildSettings = {
				ALWAYS_EMBED_SWIFT_STANDARD_LIBRARIES = YES;
				BUNDLE_LOADER = "$(TEST_HOST)";
				CODE_SIGN_STYLE = Automatic;
				CURRENT_PROJECT_VERSION = 1;
				GENERATE_INFOPLIST_FILE = YES;
				MARKETING_VERSION = 1.0;
				PRODUCT_BUNDLE_IDENTIFIER = "Nathuz.pet-balls-Watch-AppTests";
				PRODUCT_NAME = "$(TARGET_NAME)";
				SDKROOT = watchos;
				SWIFT_EMIT_LOC_STRINGS = NO;
				SWIFT_VERSION = 5.0;
				TARGETED_DEVICE_FAMILY = 4;
				TEST_HOST = "$(BUILT_PRODUCTS_DIR)/pet_balls Watch App.app/$(BUNDLE_EXECUTABLE_FOLDER_PATH)/pet_balls Watch App";
				WATCHOS_DEPLOYMENT_TARGET = 9.4;
			};
			name = Debug;
		};
		6E3E24292A5BE75300AC6F9C /* Release */ = {
			isa = XCBuildConfiguration;
			buildSettings = {
				ALWAYS_EMBED_SWIFT_STANDARD_LIBRARIES = YES;
				BUNDLE_LOADER = "$(TEST_HOST)";
				CODE_SIGN_STYLE = Automatic;
				CURRENT_PROJECT_VERSION = 1;
				GENERATE_INFOPLIST_FILE = YES;
				MARKETING_VERSION = 1.0;
				PRODUCT_BUNDLE_IDENTIFIER = "Nathuz.pet-balls-Watch-AppTests";
				PRODUCT_NAME = "$(TARGET_NAME)";
				SDKROOT = watchos;
				SWIFT_EMIT_LOC_STRINGS = NO;
				SWIFT_VERSION = 5.0;
				TARGETED_DEVICE_FAMILY = 4;
				TEST_HOST = "$(BUILT_PRODUCTS_DIR)/pet_balls Watch App.app/$(BUNDLE_EXECUTABLE_FOLDER_PATH)/pet_balls Watch App";
				VALIDATE_PRODUCT = YES;
				WATCHOS_DEPLOYMENT_TARGET = 9.4;
			};
			name = Release;
		};
		6E3E242B2A5BE75300AC6F9C /* Debug */ = {
			isa = XCBuildConfiguration;
			buildSettings = {
				ALWAYS_EMBED_SWIFT_STANDARD_LIBRARIES = YES;
				CODE_SIGN_STYLE = Automatic;
				CURRENT_PROJECT_VERSION = 1;
				GENERATE_INFOPLIST_FILE = YES;
				MARKETING_VERSION = 1.0;
				PRODUCT_BUNDLE_IDENTIFIER = "Nathuz.pet-balls-Watch-AppUITests";
				PRODUCT_NAME = "$(TARGET_NAME)";
				SDKROOT = watchos;
				SWIFT_EMIT_LOC_STRINGS = NO;
				SWIFT_VERSION = 5.0;
				TARGETED_DEVICE_FAMILY = 4;
				TEST_TARGET_NAME = "pet_balls Watch App";
				WATCHOS_DEPLOYMENT_TARGET = 9.4;
			};
			name = Debug;
		};
		6E3E242C2A5BE75300AC6F9C /* Release */ = {
			isa = XCBuildConfiguration;
			buildSettings = {
				ALWAYS_EMBED_SWIFT_STANDARD_LIBRARIES = YES;
				CODE_SIGN_STYLE = Automatic;
				CURRENT_PROJECT_VERSION = 1;
				GENERATE_INFOPLIST_FILE = YES;
				MARKETING_VERSION = 1.0;
				PRODUCT_BUNDLE_IDENTIFIER = "Nathuz.pet-balls-Watch-AppUITests";
				PRODUCT_NAME = "$(TARGET_NAME)";
				SDKROOT = watchos;
				SWIFT_EMIT_LOC_STRINGS = NO;
				SWIFT_VERSION = 5.0;
				TARGETED_DEVICE_FAMILY = 4;
				TEST_TARGET_NAME = "pet_balls Watch App";
				VALIDATE_PRODUCT = YES;
				WATCHOS_DEPLOYMENT_TARGET = 9.4;
			};
			name = Release;
		};
/* End XCBuildConfiguration section */

/* Begin XCConfigurationList section */
		6E3E23F12A5BE75200AC6F9C /* Build configuration list for PBXProject "pet_balls" */ = {
			isa = XCConfigurationList;
			buildConfigurations = (
				6E3E241E2A5BE75300AC6F9C /* Debug */,
				6E3E241F2A5BE75300AC6F9C /* Release */,
			);
			defaultConfigurationIsVisible = 0;
			defaultConfigurationName = Release;
		};
		6E3E24202A5BE75300AC6F9C /* Build configuration list for PBXNativeTarget "pet_balls Watch App" */ = {
			isa = XCConfigurationList;
			buildConfigurations = (
				6E3E24212A5BE75300AC6F9C /* Debug */,
				6E3E24222A5BE75300AC6F9C /* Release */,
			);
			defaultConfigurationIsVisible = 0;
			defaultConfigurationName = Release;
		};
		6E3E24242A5BE75300AC6F9C /* Build configuration list for PBXNativeTarget "pet_balls" */ = {
			isa = XCConfigurationList;
			buildConfigurations = (
				6E3E24252A5BE75300AC6F9C /* Debug */,
				6E3E24262A5BE75300AC6F9C /* Release */,
			);
			defaultConfigurationIsVisible = 0;
			defaultConfigurationName = Release;
		};
		6E3E24272A5BE75300AC6F9C /* Build configuration list for PBXNativeTarget "pet_balls Watch AppTests" */ = {
			isa = XCConfigurationList;
			buildConfigurations = (
				6E3E24282A5BE75300AC6F9C /* Debug */,
				6E3E24292A5BE75300AC6F9C /* Release */,
			);
			defaultConfigurationIsVisible = 0;
			defaultConfigurationName = Release;
		};
		6E3E242A2A5BE75300AC6F9C /* Build configuration list for PBXNativeTarget "pet_balls Watch AppUITests" */ = {
			isa = XCConfigurationList;
			buildConfigurations = (
				6E3E242B2A5BE75300AC6F9C /* Debug */,
				6E3E242C2A5BE75300AC6F9C /* Release */,
			);
			defaultConfigurationIsVisible = 0;
			defaultConfigurationName = Release;
		};
/* End XCConfigurationList section */
	};
	rootObject = 6E3E23EE2A5BE75200AC6F9C /* Project object */;
}
